
Microsoft Visual Studio Solution File, Format Version 12.00
# Visual Studio 15
VisualStudioVersion = 15.0.28307.438
MinimumVisualStudioVersion = 10.0.40219.1
Project("{FAE04EC0-301F-11D3-BF4B-00C04F79EFBC}") = "Zebra", "Zebra\Zebra.csproj", "{52A35628-2B83-4741-924D-84AF6F18EF9D}"
EndProject
Global
	GlobalSection(SolutionConfigurationPlatforms) = preSolution
		Debug|Any CPU = Debug|Any CPU
		Release|Any CPU = Release|Any CPU
	EndGlobalSection
	GlobalSection(ProjectConfigurationPlatforms) = postSolution
		{52A35628-2B83-4741-924D-84AF6F18EF9D}.Debug|Any CPU.ActiveCfg = Debug|Any CPU
		{52A35628-2B83-4741-924D-84AF6F18EF9D}.Debug|Any CPU.Build.0 = Debug|Any CPU
		{52A35628-2B83-4741-924D-84AF6F18EF9D}.Release|Any CPU.ActiveCfg = Release|Any CPU
		{52A35628-2B83-4741-924D-84AF6F18EF9D}.Release|Any CPU.Build.0 = Release|Any CPU
	EndGlobalSection
	GlobalSection(SolutionProperties) = preSolution
		HideSolutionNode = FALSE
	EndGlobalSection
	GlobalSection(ExtensibilityGlobals) = postSolution
		SolutionGuid = {177D2ED0-6249-4223-A54E-10F0F8B6DDC4}
	EndGlobalSection
EndGlobal
