
Microsoft Visual Studio Solution File, Format Version 12.00
# Visual Studio 15
VisualStudioVersion = 15.0.28307.438
MinimumVisualStudioVersion = 10.0.40219.1
Project("{FAE04EC0-301F-11D3-BF4B-00C04F79EFBC}") = "cmdZebra2", "cmdZebra2\cmdZebra2.csproj", "{DF9738D9-162B-43DB-8B6B-66EC52FF8F2E}"
EndProject
Global
	GlobalSection(SolutionConfigurationPlatforms) = preSolution
		Debug|Any CPU = Debug|Any CPU
		Release|Any CPU = Release|Any CPU
	EndGlobalSection
	GlobalSection(ProjectConfigurationPlatforms) = postSolution
		{DF9738D9-162B-43DB-8B6B-66EC52FF8F2E}.Debug|Any CPU.ActiveCfg = Debug|Any CPU
		{DF9738D9-162B-43DB-8B6B-66EC52FF8F2E}.Debug|Any CPU.Build.0 = Debug|Any CPU
		{DF9738D9-162B-43DB-8B6B-66EC52FF8F2E}.Release|Any CPU.ActiveCfg = Release|Any CPU
		{DF9738D9-162B-43DB-8B6B-66EC52FF8F2E}.Release|Any CPU.Build.0 = Release|Any CPU
	EndGlobalSection
	GlobalSection(SolutionProperties) = preSolution
		HideSolutionNode = FALSE
	EndGlobalSection
	GlobalSection(ExtensibilityGlobals) = postSolution
		SolutionGuid = {4DC27DC8-1412-4E8A-9D9D-2760D8B890E2}
	EndGlobalSection
EndGlobal
