
Microsoft Visual Studio Solution File, Format Version 12.00
# Visual Studio 15
VisualStudioVersion = 15.0.28307.438
MinimumVisualStudioVersion = 10.0.40219.1
Project("{FAE04EC0-301F-11D3-BF4B-00C04F79EFBC}") = "update_snxls", "update_snxls\update_snxls.csproj", "{AF71BD60-1D4A-4B31-ACE6-D0E3F625D5BA}"
EndProject
Global
	GlobalSection(SolutionConfigurationPlatforms) = preSolution
		Debug|Any CPU = Debug|Any CPU
		Release|Any CPU = Release|Any CPU
	EndGlobalSection
	GlobalSection(ProjectConfigurationPlatforms) = postSolution
		{AF71BD60-1D4A-4B31-ACE6-D0E3F625D5BA}.Debug|Any CPU.ActiveCfg = Debug|Any CPU
		{AF71BD60-1D4A-4B31-ACE6-D0E3F625D5BA}.Debug|Any CPU.Build.0 = Debug|Any CPU
		{AF71BD60-1D4A-4B31-ACE6-D0E3F625D5BA}.Release|Any CPU.ActiveCfg = Release|Any CPU
		{AF71BD60-1D4A-4B31-ACE6-D0E3F625D5BA}.Release|Any CPU.Build.0 = Release|Any CPU
	EndGlobalSection
	GlobalSection(SolutionProperties) = preSolution
		HideSolutionNode = FALSE
	EndGlobalSection
	GlobalSection(ExtensibilityGlobals) = postSolution
		SolutionGuid = {6146E380-6BD0-4D2F-B2A7-07016E7657B1}
	EndGlobalSection
EndGlobal
